// !$*UTF8*$!
{
	archiveVersion = 1;
	classes = {
	};
	objectVersion = 56;
	objects = {

/* Begin PBXBuildFile section */
		7D2AC5122C4F5CB200E0B0C0 /* PriviumSDK.docc in Sources */ = {isa = PBXBuildFile; fileRef = 7D2AC5112C4F5CB200E0B0C0 /* PriviumSDK.docc */; };
		7D2AC5182C4F5CB200E0B0C0 /* PriviumSDK.framework in Frameworks */ = {isa = PBXBuildFile; fileRef = 7D2AC50D2C4F5CB200E0B0C0 /* PriviumSDK.framework */; };
		7D354C9B2C77AF3B000BCEE8 /* PriviumSDK.swift in Sources */ = {isa = PBXBuildFile; fileRef = 7D354C9A2C77AF3B000BCEE8 /* PriviumSDK.swift */; };
		7D354C9D2C77B17B000BCEE8 /* DataAggregator.swift in Sources */ = {isa = PBXBuildFile; fileRef = 7D354C9C2C77B17B000BCEE8 /* DataAggregator.swift */; };
		7D354C9F2C77B1A6000BCEE8 /* Encryptor.swift in Sources */ = {isa = PBXBuildFile; fileRef = 7D354C9E2C77B1A6000BCEE8 /* Encryptor.swift */; };
		7D354CA12C77B1C1000BCEE8 /* FederatedLearningModel.swift in Sources */ = {isa = PBXBuildFile; fileRef = 7D354CA02C77B1C1000BCEE8 /* FederatedLearningModel.swift */; };
		7D354CA32C77B1E2000BCEE8 /* DifferentialPrivacy.swift in Sources */ = {isa = PBXBuildFile; fileRef = 7D354CA22C77B1E2000BCEE8 /* DifferentialPrivacy.swift */; };
		7D354CA52C77B1FC000BCEE8 /* EdgeComputing.swift in Sources */ = {isa = PBXBuildFile; fileRef = 7D354CA42C77B1FC000BCEE8 /* EdgeComputing.swift */; };
		7D354CA72C77B263000BCEE8 /* Configuration.swift in Sources */ = {isa = PBXBuildFile; fileRef = 7D354CA62C77B263000BCEE8 /* Configuration.swift */; };
		7D354CA92C77B276000BCEE8 /* Logger.swift in Sources */ = {isa = PBXBuildFile; fileRef = 7D354CA82C77B276000BCEE8 /* Logger.swift */; };
		7D354CB12C77BB6C000BCEE8 /* PriviumSDK.podspec in Resources */ = {isa = PBXBuildFile; fileRef = 7D354CB02C77BB6C000BCEE8 /* PriviumSDK.podspec */; };
		7D354CB52C77C3A8000BCEE8 /* README.md in Resources */ = {isa = PBXBuildFile; fileRef = 7D354CB42C77C3A8000BCEE8 /* README.md */; };
		7D9067BB2C7FD552005EE7EA /* privium-ios-sdk in Resources */ = {isa = PBXBuildFile; fileRef = 7D9067BA2C7FD552005EE7EA /* privium-ios-sdk */; };
		7D9067BC2C7FD552005EE7EA /* privium-ios-sdk in Resources */ = {isa = PBXBuildFile; fileRef = 7D9067BA2C7FD552005EE7EA /* privium-ios-sdk */; };
		7D9067C02C7FD578005EE7EA /* CCPACompliance.swift in Sources */ = {isa = PBXBuildFile; fileRef = 7D9067BD2C7FD578005EE7EA /* CCPACompliance.swift */; };
		7D9067C12C7FD578005EE7EA /* CCPACompliance.swift in Sources */ = {isa = PBXBuildFile; fileRef = 7D9067BD2C7FD578005EE7EA /* CCPACompliance.swift */; };
		7D9067C22C7FD578005EE7EA /* GDPRCompliance.swift in Sources */ = {isa = PBXBuildFile; fileRef = 7D9067BE2C7FD578005EE7EA /* GDPRCompliance.swift */; };
		7D9067C32C7FD578005EE7EA /* GDPRCompliance.swift in Sources */ = {isa = PBXBuildFile; fileRef = 7D9067BE2C7FD578005EE7EA /* GDPRCompliance.swift */; };
		7D9067C52C7FD58E005EE7EA /* DataMasking.swift in Sources */ = {isa = PBXBuildFile; fileRef = 7D9067C42C7FD58E005EE7EA /* DataMasking.swift */; };
		7D9067C82C7FD5B6005EE7EA /* DataThrottler.swift in Sources */ = {isa = PBXBuildFile; fileRef = 7D9067C72C7FD5B6005EE7EA /* DataThrottler.swift */; };
		7D9067C92C7FD5B6005EE7EA /* DataThrottler.swift in Sources */ = {isa = PBXBuildFile; fileRef = 7D9067C72C7FD5B6005EE7EA /* DataThrottler.swift */; };
		7D9067CB2C7FD5C8005EE7EA /* AutoMLIntegration.swift in Sources */ = {isa = PBXBuildFile; fileRef = 7D9067CA2C7FD5C8005EE7EA /* AutoMLIntegration.swift */; };
		7D9067CC2C7FD5C8005EE7EA /* AutoMLIntegration.swift in Sources */ = {isa = PBXBuildFile; fileRef = 7D9067CA2C7FD5C8005EE7EA /* AutoMLIntegration.swift */; };
		7D9067D02C7FD642005EE7EA /* DataAggregatorTests.swift in Sources */ = {isa = PBXBuildFile; fileRef = 7D9067CD2C7FD642005EE7EA /* DataAggregatorTests.swift */; };
		7D9067D12C7FD642005EE7EA /* DataAggregatorTests.swift in Sources */ = {isa = PBXBuildFile; fileRef = 7D9067CD2C7FD642005EE7EA /* DataAggregatorTests.swift */; };
		7D9067D42C7FD696005EE7EA /* BestPractices.md in Resources */ = {isa = PBXBuildFile; fileRef = 7D9067D22C7FD695005EE7EA /* BestPractices.md */; };
		7D9067D52C7FD696005EE7EA /* BestPractices.md in Resources */ = {isa = PBXBuildFile; fileRef = 7D9067D22C7FD695005EE7EA /* BestPractices.md */; };
		7D9067D72C7FD6AC005EE7EA /* LICENSE in Resources */ = {isa = PBXBuildFile; fileRef = 7D9067D62C7FD6AC005EE7EA /* LICENSE */; };
		7D9067D82C7FD6AC005EE7EA /* LICENSE in Resources */ = {isa = PBXBuildFile; fileRef = 7D9067D62C7FD6AC005EE7EA /* LICENSE */; };
/* End PBXBuildFile section */

/* Begin PBXContainerItemProxy section */
		7D2AC5192C4F5CB200E0B0C0 /* PBXContainerItemProxy */ = {
			isa = PBXContainerItemProxy;
			containerPortal = 7D2AC5042C4F5CB200E0B0C0 /* Project object */;
			proxyType = 1;
			remoteGlobalIDString = 7D2AC50C2C4F5CB200E0B0C0;
			remoteInfo = PriviumSDK;
		};
/* End PBXContainerItemProxy section */

/* Begin PBXFileReference section */
		7D2AC50D2C4F5CB200E0B0C0 /* PriviumSDK.framework */ = {isa = PBXFileReference; explicitFileType = wrapper.framework; includeInIndex = 0; path = PriviumSDK.framework; sourceTree = BUILT_PRODUCTS_DIR; };
		7D2AC5112C4F5CB200E0B0C0 /* PriviumSDK.docc */ = {isa = PBXFileReference; lastKnownFileType = folder.documentationcatalog; path = PriviumSDK.docc; sourceTree = "<group>"; };
		7D2AC5172C4F5CB200E0B0C0 /* PriviumSDKTests.xctest */ = {isa = PBXFileReference; explicitFileType = wrapper.cfbundle; includeInIndex = 0; path = PriviumSDKTests.xctest; sourceTree = BUILT_PRODUCTS_DIR; };
		7D354C9A2C77AF3B000BCEE8 /* PriviumSDK.swift */ = {isa = PBXFileReference; lastKnownFileType = sourcecode.swift; path = PriviumSDK.swift; sourceTree = "<group>"; };
		7D354C9C2C77B17B000BCEE8 /* DataAggregator.swift */ = {isa = PBXFileReference; lastKnownFileType = sourcecode.swift; path = DataAggregator.swift; sourceTree = "<group>"; };
		7D354C9E2C77B1A6000BCEE8 /* Encryptor.swift */ = {isa = PBXFileReference; lastKnownFileType = sourcecode.swift; path = Encryptor.swift; sourceTree = "<group>"; };
		7D354CA02C77B1C1000BCEE8 /* FederatedLearningModel.swift */ = {isa = PBXFileReference; lastKnownFileType = sourcecode.swift; path = FederatedLearningModel.swift; sourceTree = "<group>"; };
		7D354CA22C77B1E2000BCEE8 /* DifferentialPrivacy.swift */ = {isa = PBXFileReference; lastKnownFileType = sourcecode.swift; path = DifferentialPrivacy.swift; sourceTree = "<group>"; };
		7D354CA42C77B1FC000BCEE8 /* EdgeComputing.swift */ = {isa = PBXFileReference; lastKnownFileType = sourcecode.swift; path = EdgeComputing.swift; sourceTree = "<group>"; };
		7D354CA62C77B263000BCEE8 /* Configuration.swift */ = {isa = PBXFileReference; lastKnownFileType = sourcecode.swift; path = Configuration.swift; sourceTree = "<group>"; };
		7D354CA82C77B276000BCEE8 /* Logger.swift */ = {isa = PBXFileReference; lastKnownFileType = sourcecode.swift; path = Logger.swift; sourceTree = "<group>"; };
		7D354CB02C77BB6C000BCEE8 /* PriviumSDK.podspec */ = {isa = PBXFileReference; lastKnownFileType = text; path = PriviumSDK.podspec; sourceTree = "<group>"; };
		7D354CB42C77C3A8000BCEE8 /* README.md */ = {isa = PBXFileReference; lastKnownFileType = net.daringfireball.markdown; path = README.md; sourceTree = "<group>"; };
		7D9067BA2C7FD552005EE7EA /* privium-ios-sdk */ = {isa = PBXFileReference; lastKnownFileType = wrapper; name = "privium-ios-sdk"; sourceTree = "<group>"; };
		7D9067BD2C7FD578005EE7EA /* CCPACompliance.swift */ = {isa = PBXFileReference; fileEncoding = 4; lastKnownFileType = sourcecode.swift; path = CCPACompliance.swift; sourceTree = "<group>"; };
		7D9067BE2C7FD578005EE7EA /* GDPRCompliance.swift */ = {isa = PBXFileReference; fileEncoding = 4; lastKnownFileType = sourcecode.swift; path = GDPRCompliance.swift; sourceTree = "<group>"; };
		7D9067C42C7FD58E005EE7EA /* DataMasking.swift */ = {isa = PBXFileReference; fileEncoding = 4; lastKnownFileType = sourcecode.swift; path = DataMasking.swift; sourceTree = "<group>"; };
		7D9067C72C7FD5B6005EE7EA /* DataThrottler.swift */ = {isa = PBXFileReference; fileEncoding = 4; lastKnownFileType = sourcecode.swift; path = DataThrottler.swift; sourceTree = "<group>"; };
		7D9067CA2C7FD5C8005EE7EA /* AutoMLIntegration.swift */ = {isa = PBXFileReference; fileEncoding = 4; lastKnownFileType = sourcecode.swift; path = AutoMLIntegration.swift; sourceTree = "<group>"; };
		7D9067CD2C7FD642005EE7EA /* DataAggregatorTests.swift */ = {isa = PBXFileReference; fileEncoding = 4; lastKnownFileType = sourcecode.swift; path = DataAggregatorTests.swift; sourceTree = "<group>"; };
		7D9067D22C7FD695005EE7EA /* BestPractices.md */ = {isa = PBXFileReference; fileEncoding = 4; lastKnownFileType = net.daringfireball.markdown; path = BestPractices.md; sourceTree = "<group>"; };
		7D9067D62C7FD6AC005EE7EA /* LICENSE */ = {isa = PBXFileReference; fileEncoding = 4; lastKnownFileType = text; path = LICENSE; sourceTree = "<group>"; };
/* End PBXFileReference section */

/* Begin PBXFrameworksBuildPhase section */
		7D2AC50A2C4F5CB200E0B0C0 /* Frameworks */ = {
			isa = PBXFrameworksBuildPhase;
			buildActionMask = 2147483647;
			files = (
			);
			runOnlyForDeploymentPostprocessing = 0;
		};
		7D2AC5142C4F5CB200E0B0C0 /* Frameworks */ = {
			isa = PBXFrameworksBuildPhase;
			buildActionMask = 2147483647;
			files = (
				7D2AC5182C4F5CB200E0B0C0 /* PriviumSDK.framework in Frameworks */,
			);
			runOnlyForDeploymentPostprocessing = 0;
		};
/* End PBXFrameworksBuildPhase section */

/* Begin PBXGroup section */
		7D2AC5032C4F5CB200E0B0C0 = {
			isa = PBXGroup;
			children = (
				7D9067BA2C7FD552005EE7EA /* privium-ios-sdk */,
				7D9067D32C7FD695005EE7EA /* Resources */,
				7D2AC50F2C4F5CB200E0B0C0 /* Sources */,
				7D9067CF2C7FD642005EE7EA /* Tests */,
				7D2AC5112C4F5CB200E0B0C0 /* PriviumSDK.docc */,
				7D9067D62C7FD6AC005EE7EA /* LICENSE */,
				7D354CB02C77BB6C000BCEE8 /* PriviumSDK.podspec */,
				7D354CB42C77C3A8000BCEE8 /* README.md */,
				7D2AC50E2C4F5CB200E0B0C0 /* Products */,
			);
			sourceTree = "<group>";
		};
		7D2AC50E2C4F5CB200E0B0C0 /* Products */ = {
			isa = PBXGroup;
			children = (
				7D2AC50D2C4F5CB200E0B0C0 /* PriviumSDK.framework */,
				7D2AC5172C4F5CB200E0B0C0 /* PriviumSDKTests.xctest */,
			);
			name = Products;
			sourceTree = "<group>";
		};
		7D2AC50F2C4F5CB200E0B0C0 /* Sources */ = {
			isa = PBXGroup;
			children = (
				7D9067BF2C7FD578005EE7EA /* Compliance */,
				7D354C942C77AEAD000BCEE8 /* Core */,
				7D354C8F2C77AE8B000BCEE8 /* Data */,
				7D354C932C77AEA8000BCEE8 /* Edge */,
				7D354C912C77AE98000BCEE8 /* Learning */,
				7D354C922C77AE9E000BCEE8 /* Privacy */,
				7D354C902C77AE91000BCEE8 /* Security */,
			);
			path = Sources;
			sourceTree = "<group>";
		};
		7D354C8F2C77AE8B000BCEE8 /* Data */ = {
			isa = PBXGroup;
			children = (
				7D354C9C2C77B17B000BCEE8 /* DataAggregator.swift */,
			);
			path = Data;
			sourceTree = "<group>";
		};
		7D354C902C77AE91000BCEE8 /* Security */ = {
			isa = PBXGroup;
			children = (
				7D354C9E2C77B1A6000BCEE8 /* Encryptor.swift */,
			);
			path = Security;
			sourceTree = "<group>";
		};
		7D354C912C77AE98000BCEE8 /* Learning */ = {
			isa = PBXGroup;
			children = (
				7D9067CA2C7FD5C8005EE7EA /* AutoMLIntegration.swift */,
				7D354CA02C77B1C1000BCEE8 /* FederatedLearningModel.swift */,
			);
			path = Learning;
			sourceTree = "<group>";
		};
		7D354C922C77AE9E000BCEE8 /* Privacy */ = {
			isa = PBXGroup;
			children = (
				7D9067C42C7FD58E005EE7EA /* DataMasking.swift */,
				7D354CA22C77B1E2000BCEE8 /* DifferentialPrivacy.swift */,
			);
			path = Privacy;
			sourceTree = "<group>";
		};
		7D354C932C77AEA8000BCEE8 /* Edge */ = {
			isa = PBXGroup;
			children = (
				7D354CA42C77B1FC000BCEE8 /* EdgeComputing.swift */,
			);
			path = Edge;
			sourceTree = "<group>";
		};
		7D354C942C77AEAD000BCEE8 /* Core */ = {
			isa = PBXGroup;
			children = (
				7D9067C72C7FD5B6005EE7EA /* DataThrottler.swift */,
				7D354C9A2C77AF3B000BCEE8 /* PriviumSDK.swift */,
				7D354CA62C77B263000BCEE8 /* Configuration.swift */,
				7D354CA82C77B276000BCEE8 /* Logger.swift */,
			);
			path = Core;
			sourceTree = "<group>";
		};
		7D9067BF2C7FD578005EE7EA /* Compliance */ = {
			isa = PBXGroup;
			children = (
				7D9067BD2C7FD578005EE7EA /* CCPACompliance.swift */,
				7D9067BE2C7FD578005EE7EA /* GDPRCompliance.swift */,
			);
			path = Compliance;
			sourceTree = "<group>";
		};
		7D9067CE2C7FD642005EE7EA /* DataTests */ = {
			isa = PBXGroup;
			children = (
				7D9067CD2C7FD642005EE7EA /* DataAggregatorTests.swift */,
			);
			path = DataTests;
			sourceTree = "<group>";
		};
		7D9067CF2C7FD642005EE7EA /* Tests */ = {
			isa = PBXGroup;
			children = (
				7D9067CE2C7FD642005EE7EA /* DataTests */,
			);
			path = Tests;
			sourceTree = "<group>";
		};
		7D9067D32C7FD695005EE7EA /* Resources */ = {
			isa = PBXGroup;
			children = (
				7D9067D22C7FD695005EE7EA /* BestPractices.md */,
			);
			name = Resources;
			path = PriviumSDK.docc/Resources;
			sourceTree = "<group>";
		};
/* End PBXGroup section */

/* Begin PBXHeadersBuildPhase section */
		7D2AC5082C4F5CB200E0B0C0 /* Headers */ = {
			isa = PBXHeadersBuildPhase;
			buildActionMask = 2147483647;
			files = (
			);
			runOnlyForDeploymentPostprocessing = 0;
		};
/* End PBXHeadersBuildPhase section */

/* Begin PBXNativeTarget section */
		7D2AC50C2C4F5CB200E0B0C0 /* PriviumSDK */ = {
			isa = PBXNativeTarget;
			buildConfigurationList = 7D2AC5212C4F5CB200E0B0C0 /* Build configuration list for PBXNativeTarget "PriviumSDK" */;
			buildPhases = (
				7D2AC5082C4F5CB200E0B0C0 /* Headers */,
				7D2AC5092C4F5CB200E0B0C0 /* Sources */,
				7D2AC50A2C4F5CB200E0B0C0 /* Frameworks */,
				7D2AC50B2C4F5CB200E0B0C0 /* Resources */,
			);
			buildRules = (
			);
			dependencies = (
			);
			name = PriviumSDK;
			productName = PriviumSDK;
			productReference = 7D2AC50D2C4F5CB200E0B0C0 /* PriviumSDK.framework */;
			productType = "com.apple.product-type.framework";
		};
		7D2AC5162C4F5CB200E0B0C0 /* PriviumSDKTests */ = {
			isa = PBXNativeTarget;
			buildConfigurationList = 7D2AC5242C4F5CB200E0B0C0 /* Build configuration list for PBXNativeTarget "PriviumSDKTests" */;
			buildPhases = (
				7D2AC5132C4F5CB200E0B0C0 /* Sources */,
				7D2AC5142C4F5CB200E0B0C0 /* Frameworks */,
				7D2AC5152C4F5CB200E0B0C0 /* Resources */,
			);
			buildRules = (
			);
			dependencies = (
				7D2AC51A2C4F5CB200E0B0C0 /* PBXTargetDependency */,
			);
			name = PriviumSDKTests;
			productName = PriviumSDKTests;
			productReference = 7D2AC5172C4F5CB200E0B0C0 /* PriviumSDKTests.xctest */;
			productType = "com.apple.product-type.bundle.unit-test";
		};
/* End PBXNativeTarget section */

/* Begin PBXProject section */
		7D2AC5042C4F5CB200E0B0C0 /* Project object */ = {
			isa = PBXProject;
			attributes = {
				BuildIndependentTargetsInParallel = 1;
				LastSwiftUpdateCheck = 1540;
				LastUpgradeCheck = 1540;
				TargetAttributes = {
					7D2AC50C2C4F5CB200E0B0C0 = {
						CreatedOnToolsVersion = 15.4;
					};
					7D2AC5162C4F5CB200E0B0C0 = {
						CreatedOnToolsVersion = 15.4;
					};
				};
			};
			buildConfigurationList = 7D2AC5072C4F5CB200E0B0C0 /* Build configuration list for PBXProject "PriviumSDK" */;
			compatibilityVersion = "Xcode 14.0";
			developmentRegion = en;
			hasScannedForEncodings = 0;
			knownRegions = (
				en,
				Base,
			);
			mainGroup = 7D2AC5032C4F5CB200E0B0C0;
			productRefGroup = 7D2AC50E2C4F5CB200E0B0C0 /* Products */;
			projectDirPath = "";
			projectRoot = "";
			targets = (
				7D2AC50C2C4F5CB200E0B0C0 /* PriviumSDK */,
				7D2AC5162C4F5CB200E0B0C0 /* PriviumSDKTests */,
			);
		};
/* End PBXProject section */

/* Begin PBXResourcesBuildPhase section */
		7D2AC50B2C4F5CB200E0B0C0 /* Resources */ = {
			isa = PBXResourcesBuildPhase;
			buildActionMask = 2147483647;
			files = (
				7D354CB52C77C3A8000BCEE8 /* README.md in Resources */,
				7D9067BB2C7FD552005EE7EA /* privium-ios-sdk in Resources */,
				7D354CB12C77BB6C000BCEE8 /* PriviumSDK.podspec in Resources */,
				7D9067D42C7FD696005EE7EA /* BestPractices.md in Resources */,
				7D9067D72C7FD6AC005EE7EA /* LICENSE in Resources */,
			);
			runOnlyForDeploymentPostprocessing = 0;
		};
		7D2AC5152C4F5CB200E0B0C0 /* Resources */ = {
			isa = PBXResourcesBuildPhase;
			buildActionMask = 2147483647;
			files = (
				7D9067D82C7FD6AC005EE7EA /* LICENSE in Resources */,
				7D9067BC2C7FD552005EE7EA /* privium-ios-sdk in Resources */,
				7D9067D52C7FD696005EE7EA /* BestPractices.md in Resources */,
			);
			runOnlyForDeploymentPostprocessing = 0;
		};
/* End PBXResourcesBuildPhase section */

/* Begin PBXSourcesBuildPhase section */
		7D2AC5092C4F5CB200E0B0C0 /* Sources */ = {
			isa = PBXSourcesBuildPhase;
			buildActionMask = 2147483647;
			files = (
				7D9067C52C7FD58E005EE7EA /* DataMasking.swift in Sources */,
				7D354C9F2C77B1A6000BCEE8 /* Encryptor.swift in Sources */,
				7D9067C02C7FD578005EE7EA /* CCPACompliance.swift in Sources */,
				7D354CA12C77B1C1000BCEE8 /* FederatedLearningModel.swift in Sources */,
				7D2AC5122C4F5CB200E0B0C0 /* PriviumSDK.docc in Sources */,
				7D354CA32C77B1E2000BCEE8 /* DifferentialPrivacy.swift in Sources */,
				7D9067CB2C7FD5C8005EE7EA /* AutoMLIntegration.swift in Sources */,
				7D9067D02C7FD642005EE7EA /* DataAggregatorTests.swift in Sources */,
				7D9067C22C7FD578005EE7EA /* GDPRCompliance.swift in Sources */,
				7D354CA92C77B276000BCEE8 /* Logger.swift in Sources */,
				7D354C9D2C77B17B000BCEE8 /* DataAggregator.swift in Sources */,
				7D9067C82C7FD5B6005EE7EA /* DataThrottler.swift in Sources */,
				7D354C9B2C77AF3B000BCEE8 /* PriviumSDK.swift in Sources */,
				7D354CA72C77B263000BCEE8 /* Configuration.swift in Sources */,
				7D354CA52C77B1FC000BCEE8 /* EdgeComputing.swift in Sources */,
			);
			runOnlyForDeploymentPostprocessing = 0;
		};
		7D2AC5132C4F5CB200E0B0C0 /* Sources */ = {
			isa = PBXSourcesBuildPhase;
			buildActionMask = 2147483647;
			files = (
				7D9067CC2C7FD5C8005EE7EA /* AutoMLIntegration.swift in Sources */,
				7D9067C92C7FD5B6005EE7EA /* DataThrottler.swift in Sources */,
				7D9067D12C7FD642005EE7EA /* DataAggregatorTests.swift in Sources */,
				7D9067C12C7FD578005EE7EA /* CCPACompliance.swift in Sources */,
				7D9067C32C7FD578005EE7EA /* GDPRCompliance.swift in Sources */,
			);
			runOnlyForDeploymentPostprocessing = 0;
		};
/* End PBXSourcesBuildPhase section */

/* Begin PBXTargetDependency section */
		7D2AC51A2C4F5CB200E0B0C0 /* PBXTargetDependency */ = {
			isa = PBXTargetDependency;
			target = 7D2AC50C2C4F5CB200E0B0C0 /* PriviumSDK */;
			targetProxy = 7D2AC5192C4F5CB200E0B0C0 /* PBXContainerItemProxy */;
		};
/* End PBXTargetDependency section */

/* Begin XCBuildConfiguration section */
		7D2AC51F2C4F5CB200E0B0C0 /* Debug */ = {
			isa = XCBuildConfiguration;
			buildSettings = {
				ALWAYS_SEARCH_USER_PATHS = NO;
				ASSETCATALOG_COMPILER_GENERATE_SWIFT_ASSET_SYMBOL_EXTENSIONS = YES;
				CLANG_ANALYZER_NONNULL = YES;
				CLANG_ANALYZER_NUMBER_OBJECT_CONVERSION = YES_AGGRESSIVE;
				CLANG_CXX_LANGUAGE_STANDARD = "gnu++20";
				CLANG_ENABLE_MODULES = YES;
				CLANG_ENABLE_OBJC_ARC = YES;
				CLANG_ENABLE_OBJC_WEAK = YES;
				CLANG_WARN_BLOCK_CAPTURE_AUTORELEASING = YES;
				CLANG_WARN_BOOL_CONVERSION = YES;
				CLANG_WARN_COMMA = YES;
				CLANG_WARN_CONSTANT_CONVERSION = YES;
				CLANG_WARN_DEPRECATED_OBJC_IMPLEMENTATIONS = YES;
				CLANG_WARN_DIRECT_OBJC_ISA_USAGE = YES_ERROR;
				CLANG_WARN_DOCUMENTATION_COMMENTS = YES;
				CLANG_WARN_EMPTY_BODY = YES;
				CLANG_WARN_ENUM_CONVERSION = YES;
				CLANG_WARN_INFINITE_RECURSION = YES;
				CLANG_WARN_INT_CONVERSION = YES;
				CLANG_WARN_NON_LITERAL_NULL_CONVERSION = YES;
				CLANG_WARN_OBJC_IMPLICIT_RETAIN_SELF = YES;
				CLANG_WARN_OBJC_LITERAL_CONVERSION = YES;
				CLANG_WARN_OBJC_ROOT_CLASS = YES_ERROR;
				CLANG_WARN_QUOTED_INCLUDE_IN_FRAMEWORK_HEADER = YES;
				CLANG_WARN_RANGE_LOOP_ANALYSIS = YES;
				CLANG_WARN_STRICT_PROTOTYPES = YES;
				CLANG_WARN_SUSPICIOUS_MOVE = YES;
				CLANG_WARN_UNGUARDED_AVAILABILITY = YES_AGGRESSIVE;
				CLANG_WARN_UNREACHABLE_CODE = YES;
				CLANG_WARN__DUPLICATE_METHOD_MATCH = YES;
				COPY_PHASE_STRIP = NO;
				CURRENT_PROJECT_VERSION = 1;
				DEBUG_INFORMATION_FORMAT = dwarf;
				ENABLE_STRICT_OBJC_MSGSEND = YES;
				ENABLE_TESTABILITY = YES;
				ENABLE_USER_SCRIPT_SANDBOXING = YES;
				GCC_C_LANGUAGE_STANDARD = gnu17;
				GCC_DYNAMIC_NO_PIC = NO;
				GCC_NO_COMMON_BLOCKS = YES;
				GCC_OPTIMIZATION_LEVEL = 0;
				GCC_PREPROCESSOR_DEFINITIONS = (
					"DEBUG=1",
					"$(inherited)",
				);
				GCC_WARN_64_TO_32_BIT_CONVERSION = YES;
				GCC_WARN_ABOUT_RETURN_TYPE = YES_ERROR;
				GCC_WARN_UNDECLARED_SELECTOR = YES;
				GCC_WARN_UNINITIALIZED_AUTOS = YES_AGGRESSIVE;
				GCC_WARN_UNUSED_FUNCTION = YES;
				GCC_WARN_UNUSED_VARIABLE = YES;
				IPHONEOS_DEPLOYMENT_TARGET = 13.0;
				LOCALIZATION_PREFERS_STRING_CATALOGS = YES;
				MTL_ENABLE_DEBUG_INFO = INCLUDE_SOURCE;
				MTL_FAST_MATH = YES;
				ONLY_ACTIVE_ARCH = YES;
				SDKROOT = iphoneos;
				SWIFT_ACTIVE_COMPILATION_CONDITIONS = "DEBUG $(inherited)";
				SWIFT_OPTIMIZATION_LEVEL = "-Onone";
				VERSIONING_SYSTEM = "apple-generic";
				VERSION_INFO_PREFIX = "";
			};
			name = Debug;
		};
		7D2AC5202C4F5CB200E0B0C0 /* Release */ = {
			isa = XCBuildConfiguration;
			buildSettings = {
				ALWAYS_SEARCH_USER_PATHS = NO;
				ASSETCATALOG_COMPILER_GENERATE_SWIFT_ASSET_SYMBOL_EXTENSIONS = YES;
				CLANG_ANALYZER_NONNULL = YES;
				CLANG_ANALYZER_NUMBER_OBJECT_CONVERSION = YES_AGGRESSIVE;
				CLANG_CXX_LANGUAGE_STANDARD = "gnu++20";
				CLANG_ENABLE_MODULES = YES;
				CLANG_ENABLE_OBJC_ARC = YES;
				CLANG_ENABLE_OBJC_WEAK = YES;
				CLANG_WARN_BLOCK_CAPTURE_AUTORELEASING = YES;
				CLANG_WARN_BOOL_CONVERSION = YES;
				CLANG_WARN_COMMA = YES;
				CLANG_WARN_CONSTANT_CONVERSION = YES;
				CLANG_WARN_DEPRECATED_OBJC_IMPLEMENTATIONS = YES;
				CLANG_WARN_DIRECT_OBJC_ISA_USAGE = YES_ERROR;
				CLANG_WARN_DOCUMENTATION_COMMENTS = YES;
				CLANG_WARN_EMPTY_BODY = YES;
				CLANG_WARN_ENUM_CONVERSION = YES;
				CLANG_WARN_INFINITE_RECURSION = YES;
				CLANG_WARN_INT_CONVERSION = YES;
				CLANG_WARN_NON_LITERAL_NULL_CONVERSION = YES;
				CLANG_WARN_OBJC_IMPLICIT_RETAIN_SELF = YES;
				CLANG_WARN_OBJC_LITERAL_CONVERSION = YES;
				CLANG_WARN_OBJC_ROOT_CLASS = YES_ERROR;
				CLANG_WARN_QUOTED_INCLUDE_IN_FRAMEWORK_HEADER = YES;
				CLANG_WARN_RANGE_LOOP_ANALYSIS = YES;
				CLANG_WARN_STRICT_PROTOTYPES = YES;
				CLANG_WARN_SUSPICIOUS_MOVE = YES;
				CLANG_WARN_UNGUARDED_AVAILABILITY = YES_AGGRESSIVE;
				CLANG_WARN_UNREACHABLE_CODE = YES;
				CLANG_WARN__DUPLICATE_METHOD_MATCH = YES;
				COPY_PHASE_STRIP = NO;
				CURRENT_PROJECT_VERSION = 1;
				DEBUG_INFORMATION_FORMAT = "dwarf-with-dsym";
				ENABLE_NS_ASSERTIONS = NO;
				ENABLE_STRICT_OBJC_MSGSEND = YES;
				ENABLE_USER_SCRIPT_SANDBOXING = YES;
				GCC_C_LANGUAGE_STANDARD = gnu17;
				GCC_NO_COMMON_BLOCKS = YES;
				GCC_WARN_64_TO_32_BIT_CONVERSION = YES;
				GCC_WARN_ABOUT_RETURN_TYPE = YES_ERROR;
				GCC_WARN_UNDECLARED_SELECTOR = YES;
				GCC_WARN_UNINITIALIZED_AUTOS = YES_AGGRESSIVE;
				GCC_WARN_UNUSED_FUNCTION = YES;
				GCC_WARN_UNUSED_VARIABLE = YES;
				IPHONEOS_DEPLOYMENT_TARGET = 13.0;
				LOCALIZATION_PREFERS_STRING_CATALOGS = YES;
				MTL_ENABLE_DEBUG_INFO = NO;
				MTL_FAST_MATH = YES;
				SDKROOT = iphoneos;
				SWIFT_COMPILATION_MODE = wholemodule;
				VALIDATE_PRODUCT = YES;
				VERSIONING_SYSTEM = "apple-generic";
				VERSION_INFO_PREFIX = "";
			};
			name = Release;
		};
		7D2AC5222C4F5CB200E0B0C0 /* Debug */ = {
			isa = XCBuildConfiguration;
			buildSettings = {
				BUILD_LIBRARY_FOR_DISTRIBUTION = YES;
				CODE_SIGN_STYLE = Automatic;
				CURRENT_PROJECT_VERSION = 1;
				DEFINES_MODULE = YES;
				DEVELOPMENT_TEAM = 5TDTY4Z4X4;
				DYLIB_COMPATIBILITY_VERSION = 1;
				DYLIB_CURRENT_VERSION = 1;
				DYLIB_INSTALL_NAME_BASE = "@rpath";
				ENABLE_MODULE_VERIFIER = YES;
				GENERATE_INFOPLIST_FILE = YES;
				INFOPLIST_KEY_NSHumanReadableCopyright = "";
				INSTALL_PATH = "$(LOCAL_LIBRARY_DIR)/Frameworks";
				IPHONEOS_DEPLOYMENT_TARGET = 13.0;
				LD_RUNPATH_SEARCH_PATHS = (
					"$(inherited)",
					"@executable_path/Frameworks",
					"@loader_path/Frameworks",
				);
				MACOSX_DEPLOYMENT_TARGET = 10.14;
				MARKETING_VERSION = 1.0;
				MODULE_VERIFIER_SUPPORTED_LANGUAGES = "objective-c objective-c++";
				MODULE_VERIFIER_SUPPORTED_LANGUAGE_STANDARDS = "gnu17 gnu++20";
				PRODUCT_BUNDLE_IDENTIFIER = io.privium.PriviumSDK;
				PRODUCT_NAME = "$(TARGET_NAME:c99extidentifier)";
				SKIP_INSTALL = YES;
				SUPPORTED_PLATFORMS = "iphoneos iphonesimulator";
				SUPPORTS_MACCATALYST = NO;
				SUPPORTS_MAC_DESIGNED_FOR_IPHONE_IPAD = NO;
				SUPPORTS_XR_DESIGNED_FOR_IPHONE_IPAD = NO;
				SWIFT_EMIT_LOC_STRINGS = YES;
				SWIFT_INSTALL_OBJC_HEADER = NO;
				SWIFT_VERSION = 5.0;
				TARGETED_DEVICE_FAMILY = 1;
			};
			name = Debug;
		};
		7D2AC5232C4F5CB200E0B0C0 /* Release */ = {
			isa = XCBuildConfiguration;
			buildSettings = {
				BUILD_LIBRARY_FOR_DISTRIBUTION = YES;
				CODE_SIGN_STYLE = Automatic;
				CURRENT_PROJECT_VERSION = 1;
				DEFINES_MODULE = YES;
				DEVELOPMENT_TEAM = 5TDTY4Z4X4;
				DYLIB_COMPATIBILITY_VERSION = 1;
				DYLIB_CURRENT_VERSION = 1;
				DYLIB_INSTALL_NAME_BASE = "@rpath";
				ENABLE_MODULE_VERIFIER = YES;
				GENERATE_INFOPLIST_FILE = YES;
				INFOPLIST_KEY_NSHumanReadableCopyright = "";
				INSTALL_PATH = "$(LOCAL_LIBRARY_DIR)/Frameworks";
				IPHONEOS_DEPLOYMENT_TARGET = 13.0;
				LD_RUNPATH_SEARCH_PATHS = (
					"$(inherited)",
					"@executable_path/Frameworks",
					"@loader_path/Frameworks",
				);
				MACOSX_DEPLOYMENT_TARGET = 10.14;
				MARKETING_VERSION = 1.0;
				MODULE_VERIFIER_SUPPORTED_LANGUAGES = "objective-c objective-c++";
				MODULE_VERIFIER_SUPPORTED_LANGUAGE_STANDARDS = "gnu17 gnu++20";
				PRODUCT_BUNDLE_IDENTIFIER = io.privium.PriviumSDK;
				PRODUCT_NAME = "$(TARGET_NAME:c99extidentifier)";
				SKIP_INSTALL = YES;
				SUPPORTED_PLATFORMS = "iphoneos iphonesimulator";
				SUPPORTS_MACCATALYST = NO;
				SUPPORTS_MAC_DESIGNED_FOR_IPHONE_IPAD = NO;
				SUPPORTS_XR_DESIGNED_FOR_IPHONE_IPAD = NO;
				SWIFT_EMIT_LOC_STRINGS = YES;
				SWIFT_INSTALL_OBJC_HEADER = NO;
				SWIFT_VERSION = 5.0;
				TARGETED_DEVICE_FAMILY = 1;
			};
			name = Release;
		};
		7D2AC5252C4F5CB200E0B0C0 /* Debug */ = {
			isa = XCBuildConfiguration;
			buildSettings = {
				ALWAYS_EMBED_SWIFT_STANDARD_LIBRARIES = YES;
				CODE_SIGN_STYLE = Automatic;
				CURRENT_PROJECT_VERSION = 1;
				DEVELOPMENT_TEAM = 5TDTY4Z4X4;
				GENERATE_INFOPLIST_FILE = YES;
				MACOSX_DEPLOYMENT_TARGET = 10.14;
				MARKETING_VERSION = 1.0;
				PRODUCT_BUNDLE_IDENTIFIER = io.privium.PriviumSDKTests;
				PRODUCT_NAME = "$(TARGET_NAME)";
				SUPPORTED_PLATFORMS = "iphoneos iphonesimulator";
				SUPPORTS_MACCATALYST = NO;
				SUPPORTS_MAC_DESIGNED_FOR_IPHONE_IPAD = NO;
				SUPPORTS_XR_DESIGNED_FOR_IPHONE_IPAD = NO;
				SWIFT_EMIT_LOC_STRINGS = NO;
				SWIFT_VERSION = 5.0;
				TARGETED_DEVICE_FAMILY = 1;
			};
			name = Debug;
		};
		7D2AC5262C4F5CB200E0B0C0 /* Release */ = {
			isa = XCBuildConfiguration;
			buildSettings = {
				ALWAYS_EMBED_SWIFT_STANDARD_LIBRARIES = YES;
				CODE_SIGN_STYLE = Automatic;
				CURRENT_PROJECT_VERSION = 1;
				DEVELOPMENT_TEAM = 5TDTY4Z4X4;
				GENERATE_INFOPLIST_FILE = YES;
				MACOSX_DEPLOYMENT_TARGET = 10.14;
				MARKETING_VERSION = 1.0;
				PRODUCT_BUNDLE_IDENTIFIER = io.privium.PriviumSDKTests;
				PRODUCT_NAME = "$(TARGET_NAME)";
				SUPPORTED_PLATFORMS = "iphoneos iphonesimulator";
				SUPPORTS_MACCATALYST = NO;
				SUPPORTS_MAC_DESIGNED_FOR_IPHONE_IPAD = NO;
				SUPPORTS_XR_DESIGNED_FOR_IPHONE_IPAD = NO;
				SWIFT_EMIT_LOC_STRINGS = NO;
				SWIFT_VERSION = 5.0;
				TARGETED_DEVICE_FAMILY = 1;
			};
			name = Release;
		};
/* End XCBuildConfiguration section */

/* Begin XCConfigurationList section */
		7D2AC5072C4F5CB200E0B0C0 /* Build configuration list for PBXProject "PriviumSDK" */ = {
			isa = XCConfigurationList;
			buildConfigurations = (
				7D2AC51F2C4F5CB200E0B0C0 /* Debug */,
				7D2AC5202C4F5CB200E0B0C0 /* Release */,
			);
			defaultConfigurationIsVisible = 0;
			defaultConfigurationName = Release;
		};
		7D2AC5212C4F5CB200E0B0C0 /* Build configuration list for PBXNativeTarget "PriviumSDK" */ = {
			isa = XCConfigurationList;
			buildConfigurations = (
				7D2AC5222C4F5CB200E0B0C0 /* Debug */,
				7D2AC5232C4F5CB200E0B0C0 /* Release */,
			);
			defaultConfigurationIsVisible = 0;
			defaultConfigurationName = Release;
		};
		7D2AC5242C4F5CB200E0B0C0 /* Build configuration list for PBXNativeTarget "PriviumSDKTests" */ = {
			isa = XCConfigurationList;
			buildConfigurations = (
				7D2AC5252C4F5CB200E0B0C0 /* Debug */,
				7D2AC5262C4F5CB200E0B0C0 /* Release */,
			);
			defaultConfigurationIsVisible = 0;
			defaultConfigurationName = Release;
		};
/* End XCConfigurationList section */
	};
	rootObject = 7D2AC5042C4F5CB200E0B0C0 /* Project object */;
}
