// !$*UTF8*$!
{
	archiveVersion = 1;
	classes = {
	};
	objectVersion = 56;
	objects = {

/* Begin PBXBuildFile section */
		7D2AC5122C4F5CB200E0B0C0 /* PriviumSDK.docc in Sources */ = {isa = PBXBuildFile; fileRef = 7D2AC5112C4F5CB200E0B0C0 /* PriviumSDK.docc */; };
		7D2AC5182C4F5CB200E0B0C0 /* PriviumSDK.framework in Frameworks */ = {isa = PBXBuildFile; fileRef = 7D2AC50D2C4F5CB200E0B0C0 /* PriviumSDK.framework */; };
		7D2AC51D2C4F5CB200E0B0C0 /* PriviumSDKTests.swift in Sources */ = {isa = PBXBuildFile; fileRef = 7D2AC51C2C4F5CB200E0B0C0 /* PriviumSDKTests.swift */; };
		7D2AC51E2C4F5CB200E0B0C0 /* PriviumSDK.h in Headers */ = {isa = PBXBuildFile; fileRef = 7D2AC5102C4F5CB200E0B0C0 /* PriviumSDK.h */; settings = {ATTRIBUTES = (Public, ); }; };
/* End PBXBuildFile section */

/* Begin PBXContainerItemProxy section */
		7D2AC5192C4F5CB200E0B0C0 /* PBXContainerItemProxy */ = {
			isa = PBXContainerItemProxy;
			containerPortal = 7D2AC5042C4F5CB200E0B0C0 /* Project object */;
			proxyType = 1;
			remoteGlobalIDString = 7D2AC50C2C4F5CB200E0B0C0;
			remoteInfo = PriviumSDK;
		};
/* End PBXContainerItemProxy section */

/* Begin PBXFileReference section */
		7D2AC50D2C4F5CB200E0B0C0 /* PriviumSDK.framework */ = {isa = PBXFileReference; explicitFileType = wrapper.framework; includeInIndex = 0; path = PriviumSDK.framework; sourceTree = BUILT_PRODUCTS_DIR; };
		7D2AC5102C4F5CB200E0B0C0 /* PriviumSDK.h */ = {isa = PBXFileReference; lastKnownFileType = sourcecode.c.h; path = PriviumSDK.h; sourceTree = "<group>"; };
		7D2AC5112C4F5CB200E0B0C0 /* PriviumSDK.docc */ = {isa = PBXFileReference; lastKnownFileType = folder.documentationcatalog; path = PriviumSDK.docc; sourceTree = "<group>"; };
		7D2AC5172C4F5CB200E0B0C0 /* PriviumSDKTests.xctest */ = {isa = PBXFileReference; explicitFileType = wrapper.cfbundle; includeInIndex = 0; path = PriviumSDKTests.xctest; sourceTree = BUILT_PRODUCTS_DIR; };
		7D2AC51C2C4F5CB200E0B0C0 /* PriviumSDKTests.swift */ = {isa = PBXFileReference; lastKnownFileType = sourcecode.swift; path = PriviumSDKTests.swift; sourceTree = "<group>"; };
/* End PBXFileReference section */

/* Begin PBXFrameworksBuildPhase section */
		7D2AC50A2C4F5CB200E0B0C0 /* Frameworks */ = {
			isa = PBXFrameworksBuildPhase;
			buildActionMask = 2147483647;
			files = (
			);
			runOnlyForDeploymentPostprocessing = 0;
		};
		7D2AC5142C4F5CB200E0B0C0 /* Frameworks */ = {
			isa = PBXFrameworksBuildPhase;
			buildActionMask = 2147483647;
			files = (
				7D2AC5182C4F5CB200E0B0C0 /* PriviumSDK.framework in Frameworks */,
			);
			runOnlyForDeploymentPostprocessing = 0;
		};
/* End PBXFrameworksBuildPhase section */

/* Begin PBXGroup section */
		7D2AC5032C4F5CB200E0B0C0 = {
			isa = PBXGroup;
			children = (
				7D2AC50F2C4F5CB200E0B0C0 /* PriviumSDK */,
				7D2AC51B2C4F5CB200E0B0C0 /* PriviumSDKTests */,
				7D2AC50E2C4F5CB200E0B0C0 /* Products */,
			);
			sourceTree = "<group>";
		};
		7D2AC50E2C4F5CB200E0B0C0 /* Products */ = {
			isa = PBXGroup;
			children = (
				7D2AC50D2C4F5CB200E0B0C0 /* PriviumSDK.framework */,
				7D2AC5172C4F5CB200E0B0C0 /* PriviumSDKTests.xctest */,
			);
			name = Products;
			sourceTree = "<group>";
		};
		7D2AC50F2C4F5CB200E0B0C0 /* PriviumSDK */ = {
			isa = PBXGroup;
			children = (
				7D2AC5102C4F5CB200E0B0C0 /* PriviumSDK.h */,
				7D2AC5112C4F5CB200E0B0C0 /* PriviumSDK.docc */,
			);
			path = PriviumSDK;
			sourceTree = "<group>";
		};
		7D2AC51B2C4F5CB200E0B0C0 /* PriviumSDKTests */ = {
			isa = PBXGroup;
			children = (
				7D2AC51C2C4F5CB200E0B0C0 /* PriviumSDKTests.swift */,
			);
			path = PriviumSDKTests;
			sourceTree = "<group>";
		};
/* End PBXGroup section */

/* Begin PBXHeadersBuildPhase section */
		7D2AC5082C4F5CB200E0B0C0 /* Headers */ = {
			isa = PBXHeadersBuildPhase;
			buildActionMask = 2147483647;
			files = (
				7D2AC51E2C4F5CB200E0B0C0 /* PriviumSDK.h in Headers */,
			);
			runOnlyForDeploymentPostprocessing = 0;
		};
/* End PBXHeadersBuildPhase section */

/* Begin PBXNativeTarget section */
		7D2AC50C2C4F5CB200E0B0C0 /* PriviumSDK */ = {
			isa = PBXNativeTarget;
			buildConfigurationList = 7D2AC5212C4F5CB200E0B0C0 /* Build configuration list for PBXNativeTarget "PriviumSDK" */;
			buildPhases = (
				7D2AC5082C4F5CB200E0B0C0 /* Headers */,
				7D2AC5092C4F5CB200E0B0C0 /* Sources */,
				7D2AC50A2C4F5CB200E0B0C0 /* Frameworks */,
				7D2AC50B2C4F5CB200E0B0C0 /* Resources */,
			);
			buildRules = (
			);
			dependencies = (
			);
			name = PriviumSDK;
			productName = PriviumSDK;
			productReference = 7D2AC50D2C4F5CB200E0B0C0 /* PriviumSDK.framework */;
			productType = "com.apple.product-type.framework";
		};
		7D2AC5162C4F5CB200E0B0C0 /* PriviumSDKTests */ = {
			isa = PBXNativeTarget;
			buildConfigurationList = 7D2AC5242C4F5CB200E0B0C0 /* Build configuration list for PBXNativeTarget "PriviumSDKTests" */;
			buildPhases = (
				7D2AC5132C4F5CB200E0B0C0 /* Sources */,
				7D2AC5142C4F5CB200E0B0C0 /* Frameworks */,
				7D2AC5152C4F5CB200E0B0C0 /* Resources */,
			);
			buildRules = (
			);
			dependencies = (
				7D2AC51A2C4F5CB200E0B0C0 /* PBXTargetDependency */,
			);
			name = PriviumSDKTests;
			productName = PriviumSDKTests;
			productReference = 7D2AC5172C4F5CB200E0B0C0 /* PriviumSDKTests.xctest */;
			productType = "com.apple.product-type.bundle.unit-test";
		};
/* End PBXNativeTarget section */

/* Begin PBXProject section */
		7D2AC5042C4F5CB200E0B0C0 /* Project object */ = {
			isa = PBXProject;
			attributes = {
				BuildIndependentTargetsInParallel = 1;
				LastSwiftUpdateCheck = 1540;
				LastUpgradeCheck = 1540;
				TargetAttributes = {
					7D2AC50C2C4F5CB200E0B0C0 = {
						CreatedOnToolsVersion = 15.4;
					};
					7D2AC5162C4F5CB200E0B0C0 = {
						CreatedOnToolsVersion = 15.4;
					};
				};
			};
			buildConfigurationList = 7D2AC5072C4F5CB200E0B0C0 /* Build configuration list for PBXProject "PriviumSDK" */;
			compatibilityVersion = "Xcode 14.0";
			developmentRegion = en;
			hasScannedForEncodings = 0;
			knownRegions = (
				en,
				Base,
			);
			mainGroup = 7D2AC5032C4F5CB200E0B0C0;
			productRefGroup = 7D2AC50E2C4F5CB200E0B0C0 /* Products */;
			projectDirPath = "";
			projectRoot = "";
			targets = (
				7D2AC50C2C4F5CB200E0B0C0 /* PriviumSDK */,
				7D2AC5162C4F5CB200E0B0C0 /* PriviumSDKTests */,
			);
		};
/* End PBXProject section */

/* Begin PBXResourcesBuildPhase section */
		7D2AC50B2C4F5CB200E0B0C0 /* Resources */ = {
			isa = PBXResourcesBuildPhase;
			buildActionMask = 2147483647;
			files = (
			);
			runOnlyForDeploymentPostprocessing = 0;
		};
		7D2AC5152C4F5CB200E0B0C0 /* Resources */ = {
			isa = PBXResourcesBuildPhase;
			buildActionMask = 2147483647;
			files = (
			);
			runOnlyForDeploymentPostprocessing = 0;
		};
/* End PBXResourcesBuildPhase section */

/* Begin PBXSourcesBuildPhase section */
		7D2AC5092C4F5CB200E0B0C0 /* Sources */ = {
			isa = PBXSourcesBuildPhase;
			buildActionMask = 2147483647;
			files = (
				7D2AC5122C4F5CB200E0B0C0 /* PriviumSDK.docc in Sources */,
			);
			runOnlyForDeploymentPostprocessing = 0;
		};
		7D2AC5132C4F5CB200E0B0C0 /* Sources */ = {
			isa = PBXSourcesBuildPhase;
			buildActionMask = 2147483647;
			files = (
				7D2AC51D2C4F5CB200E0B0C0 /* PriviumSDKTests.swift in Sources */,
			);
			runOnlyForDeploymentPostprocessing = 0;
		};
/* End PBXSourcesBuildPhase section */

/* Begin PBXTargetDependency section */
		7D2AC51A2C4F5CB200E0B0C0 /* PBXTargetDependency */ = {
			isa = PBXTargetDependency;
			target = 7D2AC50C2C4F5CB200E0B0C0 /* PriviumSDK */;
			targetProxy = 7D2AC5192C4F5CB200E0B0C0 /* PBXContainerItemProxy */;
		};
/* End PBXTargetDependency section */

/* Begin XCBuildConfiguration section */
		7D2AC51F2C4F5CB200E0B0C0 /* Debug */ = {
			isa = XCBuildConfiguration;
			buildSettings = {
				ALWAYS_SEARCH_USER_PATHS = NO;
				ASSETCATALOG_COMPILER_GENERATE_SWIFT_ASSET_SYMBOL_EXTENSIONS = YES;
				CLANG_ANALYZER_NONNULL = YES;
				CLANG_ANALYZER_NUMBER_OBJECT_CONVERSION = YES_AGGRESSIVE;
				CLANG_CXX_LANGUAGE_STANDARD = "gnu++20";
				CLANG_ENABLE_MODULES = YES;
				CLANG_ENABLE_OBJC_ARC = YES;
				CLANG_ENABLE_OBJC_WEAK = YES;
				CLANG_WARN_BLOCK_CAPTURE_AUTORELEASING = YES;
				CLANG_WARN_BOOL_CONVERSION = YES;
				CLANG_WARN_COMMA = YES;
				CLANG_WARN_CONSTANT_CONVERSION = YES;
				CLANG_WARN_DEPRECATED_OBJC_IMPLEMENTATIONS = YES;
				CLANG_WARN_DIRECT_OBJC_ISA_USAGE = YES_ERROR;
				CLANG_WARN_DOCUMENTATION_COMMENTS = YES;
				CLANG_WARN_EMPTY_BODY = YES;
				CLANG_WARN_ENUM_CONVERSION = YES;
				CLANG_WARN_INFINITE_RECURSION = YES;
				CLANG_WARN_INT_CONVERSION = YES;
				CLANG_WARN_NON_LITERAL_NULL_CONVERSION = YES;
				CLANG_WARN_OBJC_IMPLICIT_RETAIN_SELF = YES;
				CLANG_WARN_OBJC_LITERAL_CONVERSION = YES;
				CLANG_WARN_OBJC_ROOT_CLASS = YES_ERROR;
				CLANG_WARN_QUOTED_INCLUDE_IN_FRAMEWORK_HEADER = YES;
				CLANG_WARN_RANGE_LOOP_ANALYSIS = YES;
				CLANG_WARN_STRICT_PROTOTYPES = YES;
				CLANG_WARN_SUSPICIOUS_MOVE = YES;
				CLANG_WARN_UNGUARDED_AVAILABILITY = YES_AGGRESSIVE;
				CLANG_WARN_UNREACHABLE_CODE = YES;
				CLANG_WARN__DUPLICATE_METHOD_MATCH = YES;
				COPY_PHASE_STRIP = NO;
				CURRENT_PROJECT_VERSION = 1;
				DEBUG_INFORMATION_FORMAT = dwarf;
				ENABLE_STRICT_OBJC_MSGSEND = YES;
				ENABLE_TESTABILITY = YES;
				ENABLE_USER_SCRIPT_SANDBOXING = YES;
				GCC_C_LANGUAGE_STANDARD = gnu17;
				GCC_DYNAMIC_NO_PIC = NO;
				GCC_NO_COMMON_BLOCKS = YES;
				GCC_OPTIMIZATION_LEVEL = 0;
				GCC_PREPROCESSOR_DEFINITIONS = (
					"DEBUG=1",
					"$(inherited)",
				);
				GCC_WARN_64_TO_32_BIT_CONVERSION = YES;
				GCC_WARN_ABOUT_RETURN_TYPE = YES_ERROR;
				GCC_WARN_UNDECLARED_SELECTOR = YES;
				GCC_WARN_UNINITIALIZED_AUTOS = YES_AGGRESSIVE;
				GCC_WARN_UNUSED_FUNCTION = YES;
				GCC_WARN_UNUSED_VARIABLE = YES;
				IPHONEOS_DEPLOYMENT_TARGET = 17.5;
				LOCALIZATION_PREFERS_STRING_CATALOGS = YES;
				MTL_ENABLE_DEBUG_INFO = INCLUDE_SOURCE;
				MTL_FAST_MATH = YES;
				ONLY_ACTIVE_ARCH = YES;
				SDKROOT = iphoneos;
				SWIFT_ACTIVE_COMPILATION_CONDITIONS = "DEBUG $(inherited)";
				SWIFT_OPTIMIZATION_LEVEL = "-Onone";
				VERSIONING_SYSTEM = "apple-generic";
				VERSION_INFO_PREFIX = "";
			};
			name = Debug;
		};
		7D2AC5202C4F5CB200E0B0C0 /* Release */ = {
			isa = XCBuildConfiguration;
			buildSettings = {
				ALWAYS_SEARCH_USER_PATHS = NO;
				ASSETCATALOG_COMPILER_GENERATE_SWIFT_ASSET_SYMBOL_EXTENSIONS = YES;
				CLANG_ANALYZER_NONNULL = YES;
				CLANG_ANALYZER_NUMBER_OBJECT_CONVERSION = YES_AGGRESSIVE;
				CLANG_CXX_LANGUAGE_STANDARD = "gnu++20";
				CLANG_ENABLE_MODULES = YES;
				CLANG_ENABLE_OBJC_ARC = YES;
				CLANG_ENABLE_OBJC_WEAK = YES;
				CLANG_WARN_BLOCK_CAPTURE_AUTORELEASING = YES;
				CLANG_WARN_BOOL_CONVERSION = YES;
				CLANG_WARN_COMMA = YES;
				CLANG_WARN_CONSTANT_CONVERSION = YES;
				CLANG_WARN_DEPRECATED_OBJC_IMPLEMENTATIONS = YES;
				CLANG_WARN_DIRECT_OBJC_ISA_USAGE = YES_ERROR;
				CLANG_WARN_DOCUMENTATION_COMMENTS = YES;
				CLANG_WARN_EMPTY_BODY = YES;
				CLANG_WARN_ENUM_CONVERSION = YES;
				CLANG_WARN_INFINITE_RECURSION = YES;
				CLANG_WARN_INT_CONVERSION = YES;
				CLANG_WARN_NON_LITERAL_NULL_CONVERSION = YES;
				CLANG_WARN_OBJC_IMPLICIT_RETAIN_SELF = YES;
				CLANG_WARN_OBJC_LITERAL_CONVERSION = YES;
				CLANG_WARN_OBJC_ROOT_CLASS = YES_ERROR;
				CLANG_WARN_QUOTED_INCLUDE_IN_FRAMEWORK_HEADER = YES;
				CLANG_WARN_RANGE_LOOP_ANALYSIS = YES;
				CLANG_WARN_STRICT_PROTOTYPES = YES;
				CLANG_WARN_SUSPICIOUS_MOVE = YES;
				CLANG_WARN_UNGUARDED_AVAILABILITY = YES_AGGRESSIVE;
				CLANG_WARN_UNREACHABLE_CODE = YES;
				CLANG_WARN__DUPLICATE_METHOD_MATCH = YES;
				COPY_PHASE_STRIP = NO;
				CURRENT_PROJECT_VERSION = 1;
				DEBUG_INFORMATION_FORMAT = "dwarf-with-dsym";
				ENABLE_NS_ASSERTIONS = NO;
				ENABLE_STRICT_OBJC_MSGSEND = YES;
				ENABLE_USER_SCRIPT_SANDBOXING = YES;
				GCC_C_LANGUAGE_STANDARD = gnu17;
				GCC_NO_COMMON_BLOCKS = YES;
				GCC_WARN_64_TO_32_BIT_CONVERSION = YES;
				GCC_WARN_ABOUT_RETURN_TYPE = YES_ERROR;
				GCC_WARN_UNDECLARED_SELECTOR = YES;
				GCC_WARN_UNINITIALIZED_AUTOS = YES_AGGRESSIVE;
				GCC_WARN_UNUSED_FUNCTION = YES;
				GCC_WARN_UNUSED_VARIABLE = YES;
				IPHONEOS_DEPLOYMENT_TARGET = 17.5;
				LOCALIZATION_PREFERS_STRING_CATALOGS = YES;
				MTL_ENABLE_DEBUG_INFO = NO;
				MTL_FAST_MATH = YES;
				SDKROOT = iphoneos;
				SWIFT_COMPILATION_MODE = wholemodule;
				VALIDATE_PRODUCT = YES;
				VERSIONING_SYSTEM = "apple-generic";
				VERSION_INFO_PREFIX = "";
			};
			name = Release;
		};
		7D2AC5222C4F5CB200E0B0C0 /* Debug */ = {
			isa = XCBuildConfiguration;
			buildSettings = {
				BUILD_LIBRARY_FOR_DISTRIBUTION = YES;
				CODE_SIGN_STYLE = Automatic;
				CURRENT_PROJECT_VERSION = 1;
				DEFINES_MODULE = YES;
				DEVELOPMENT_TEAM = 5TDTY4Z4X4;
				DYLIB_COMPATIBILITY_VERSION = 1;
				DYLIB_CURRENT_VERSION = 1;
				DYLIB_INSTALL_NAME_BASE = "@rpath";
				ENABLE_MODULE_VERIFIER = YES;
				GENERATE_INFOPLIST_FILE = YES;
				INFOPLIST_KEY_NSHumanReadableCopyright = "";
				INSTALL_PATH = "$(LOCAL_LIBRARY_DIR)/Frameworks";
				LD_RUNPATH_SEARCH_PATHS = (
					"$(inherited)",
					"@executable_path/Frameworks",
					"@loader_path/Frameworks",
				);
				MARKETING_VERSION = 1.0;
				MODULE_VERIFIER_SUPPORTED_LANGUAGES = "objective-c objective-c++";
				MODULE_VERIFIER_SUPPORTED_LANGUAGE_STANDARDS = "gnu17 gnu++20";
				PRODUCT_BUNDLE_IDENTIFIER = io.privium.PriviumSDK;
				PRODUCT_NAME = "$(TARGET_NAME:c99extidentifier)";
				SKIP_INSTALL = YES;
				SWIFT_EMIT_LOC_STRINGS = YES;
				SWIFT_INSTALL_OBJC_HEADER = NO;
				SWIFT_VERSION = 5.0;
				TARGETED_DEVICE_FAMILY = "1,2";
			};
			name = Debug;
		};
		7D2AC5232C4F5CB200E0B0C0 /* Release */ = {
			isa = XCBuildConfiguration;
			buildSettings = {
				BUILD_LIBRARY_FOR_DISTRIBUTION = YES;
				CODE_SIGN_STYLE = Automatic;
				CURRENT_PROJECT_VERSION = 1;
				DEFINES_MODULE = YES;
				DEVELOPMENT_TEAM = 5TDTY4Z4X4;
				DYLIB_COMPATIBILITY_VERSION = 1;
				DYLIB_CURRENT_VERSION = 1;
				DYLIB_INSTALL_NAME_BASE = "@rpath";
				ENABLE_MODULE_VERIFIER = YES;
				GENERATE_INFOPLIST_FILE = YES;
				INFOPLIST_KEY_NSHumanReadableCopyright = "";
				INSTALL_PATH = "$(LOCAL_LIBRARY_DIR)/Frameworks";
				LD_RUNPATH_SEARCH_PATHS = (
					"$(inherited)",
					"@executable_path/Frameworks",
					"@loader_path/Frameworks",
				);
				MARKETING_VERSION = 1.0;
				MODULE_VERIFIER_SUPPORTED_LANGUAGES = "objective-c objective-c++";
				MODULE_VERIFIER_SUPPORTED_LANGUAGE_STANDARDS = "gnu17 gnu++20";
				PRODUCT_BUNDLE_IDENTIFIER = io.privium.PriviumSDK;
				PRODUCT_NAME = "$(TARGET_NAME:c99extidentifier)";
				SKIP_INSTALL = YES;
				SWIFT_EMIT_LOC_STRINGS = YES;
				SWIFT_INSTALL_OBJC_HEADER = NO;
				SWIFT_VERSION = 5.0;
				TARGETED_DEVICE_FAMILY = "1,2";
			};
			name = Release;
		};
		7D2AC5252C4F5CB200E0B0C0 /* Debug */ = {
			isa = XCBuildConfiguration;
			buildSettings = {
				CODE_SIGN_STYLE = Automatic;
				CURRENT_PROJECT_VERSION = 1;
				DEVELOPMENT_TEAM = 5TDTY4Z4X4;
				GENERATE_INFOPLIST_FILE = YES;
				MARKETING_VERSION = 1.0;
				PRODUCT_BUNDLE_IDENTIFIER = io.privium.PriviumSDKTests;
				PRODUCT_NAME = "$(TARGET_NAME)";
				SWIFT_EMIT_LOC_STRINGS = NO;
				SWIFT_VERSION = 5.0;
				TARGETED_DEVICE_FAMILY = "1,2";
			};
			name = Debug;
		};
		7D2AC5262C4F5CB200E0B0C0 /* Release */ = {
			isa = XCBuildConfiguration;
			buildSettings = {
				CODE_SIGN_STYLE = Automatic;
				CURRENT_PROJECT_VERSION = 1;
				DEVELOPMENT_TEAM = 5TDTY4Z4X4;
				GENERATE_INFOPLIST_FILE = YES;
				MARKETING_VERSION = 1.0;
				PRODUCT_BUNDLE_IDENTIFIER = io.privium.PriviumSDKTests;
				PRODUCT_NAME = "$(TARGET_NAME)";
				SWIFT_EMIT_LOC_STRINGS = NO;
				SWIFT_VERSION = 5.0;
				TARGETED_DEVICE_FAMILY = "1,2";
			};
			name = Release;
		};
/* End XCBuildConfiguration section */

/* Begin XCConfigurationList section */
		7D2AC5072C4F5CB200E0B0C0 /* Build configuration list for PBXProject "PriviumSDK" */ = {
			isa = XCConfigurationList;
			buildConfigurations = (
				7D2AC51F2C4F5CB200E0B0C0 /* Debug */,
				7D2AC5202C4F5CB200E0B0C0 /* Release */,
			);
			defaultConfigurationIsVisible = 0;
			defaultConfigurationName = Release;
		};
		7D2AC5212C4F5CB200E0B0C0 /* Build configuration list for PBXNativeTarget "PriviumSDK" */ = {
			isa = XCConfigurationList;
			buildConfigurations = (
				7D2AC5222C4F5CB200E0B0C0 /* Debug */,
				7D2AC5232C4F5CB200E0B0C0 /* Release */,
			);
			defaultConfigurationIsVisible = 0;
			defaultConfigurationName = Release;
		};
		7D2AC5242C4F5CB200E0B0C0 /* Build configuration list for PBXNativeTarget "PriviumSDKTests" */ = {
			isa = XCConfigurationList;
			buildConfigurations = (
				7D2AC5252C4F5CB200E0B0C0 /* Debug */,
				7D2AC5262C4F5CB200E0B0C0 /* Release */,
			);
			defaultConfigurationIsVisible = 0;
			defaultConfigurationName = Release;
		};
/* End XCConfigurationList section */
	};
	rootObject = 7D2AC5042C4F5CB200E0B0C0 /* Project object */;
}
